
Microsoft Visual Studio Solution File, Format Version 12.00
# Visual Studio Version 17
VisualStudioVersion = 17.10.35004.147
MinimumVisualStudioVersion = 10.0.40219.1
Project("{FAE04EC0-301F-11D3-BF4B-00C04F79EFBC}") = "TaskFolio.Api", "TaskFolio.Api\TaskFolio.Api.csproj", "{1B9407BC-4D29-4274-9D63-3DB78D144BBC}"
EndProject
Project("{FAE04EC0-301F-11D3-BF4B-00C04F79EFBC}") = "TaskFolio.Communication", "TaskFolio.Communication\TaskFolio.Communication.csproj", "{93B1A7FC-C46F-481E-B7D7-A08A574EF89B}"
EndProject
Project("{FAE04EC0-301F-11D3-BF4B-00C04F79EFBC}") = "TaskFolio.Application", "TaskFolio.Application\TaskFolio.Application.csproj", "{BFDD0DEC-AD0F-4661-9DDE-1A09153AA2EE}"
EndProject
Global
	GlobalSection(SolutionConfigurationPlatforms) = preSolution
		Debug|Any CPU = Debug|Any CPU
		Release|Any CPU = Release|Any CPU
	EndGlobalSection
	GlobalSection(ProjectConfigurationPlatforms) = postSolution
		{1B9407BC-4D29-4274-9D63-3DB78D144BBC}.Debug|Any CPU.ActiveCfg = Debug|Any CPU
		{1B9407BC-4D29-4274-9D63-3DB78D144BBC}.Debug|Any CPU.Build.0 = Debug|Any CPU
		{1B9407BC-4D29-4274-9D63-3DB78D144BBC}.Release|Any CPU.ActiveCfg = Release|Any CPU
		{1B9407BC-4D29-4274-9D63-3DB78D144BBC}.Release|Any CPU.Build.0 = Release|Any CPU
		{93B1A7FC-C46F-481E-B7D7-A08A574EF89B}.Debug|Any CPU.ActiveCfg = Debug|Any CPU
		{93B1A7FC-C46F-481E-B7D7-A08A574EF89B}.Debug|Any CPU.Build.0 = Debug|Any CPU
		{93B1A7FC-C46F-481E-B7D7-A08A574EF89B}.Release|Any CPU.ActiveCfg = Release|Any CPU
		{93B1A7FC-C46F-481E-B7D7-A08A574EF89B}.Release|Any CPU.Build.0 = Release|Any CPU
		{BFDD0DEC-AD0F-4661-9DDE-1A09153AA2EE}.Debug|Any CPU.ActiveCfg = Debug|Any CPU
		{BFDD0DEC-AD0F-4661-9DDE-1A09153AA2EE}.Debug|Any CPU.Build.0 = Debug|Any CPU
		{BFDD0DEC-AD0F-4661-9DDE-1A09153AA2EE}.Release|Any CPU.ActiveCfg = Release|Any CPU
		{BFDD0DEC-AD0F-4661-9DDE-1A09153AA2EE}.Release|Any CPU.Build.0 = Release|Any CPU
	EndGlobalSection
	GlobalSection(SolutionProperties) = preSolution
		HideSolutionNode = FALSE
	EndGlobalSection
	GlobalSection(ExtensibilityGlobals) = postSolution
		SolutionGuid = {0BF2E4E0-7320-448F-AC83-6E7BFF5E6F91}
	EndGlobalSection
EndGlobal
